{
    "_meta": {
        "hash": {
            "sha256": "0987fe460afef6d8ab8634b2bd3cd85b3937e73ec4f852aa3453af47b04ae5b5"
        },
        "pipfile-spec": 6,
        "requires": {
            "python_version": "3.7"
        },
        "sources": [
            {
                "name": "pypi",
                "url": "https://pypi.org/simple",
                "verify_ssl": true
            }
        ]
    },
    "default": {
        "sly": {
            "hashes": [
                "sha256:be6a3825b042a9e1b6f5730fc747e6d983c917f0f002d798d0b9f86ca5c05ad9"
            ],
            "index": "pypi",
            "version": "==0.3"
        }
    },
    "develop": {
        "graphviz": {
            "hashes": [
                "sha256:6d0f69c107cfdc9bd1df3763fad99569bbcba29d0c52ffcbc6f266621d8bf709",
                "sha256:914b8b124942d82e3e1dcef499c9fe77c10acd3d18a1cfeeb2b9de05f6d24805"
            ],
            "index": "pypi",
            "version": "==0.11.1"
        }
    }
}
