{
    "_meta": {
        "hash": {
            "sha256": "69bba219159eedd99344de7ac76247c2bf83739f22f68bc5a669e11dc9b0d19a"
        },
        "pipfile-spec": 6,
        "requires": {
            "python_version": "3.7"
        },
        "sources": [
            {
                "name": "pypi",
                "url": "https://pypi.org/simple",
                "verify_ssl": true
            }
        ]
    },
    "default": {
        "pysmt": {
            "hashes": [
                "sha256:6ccac89f22052f0b12f3847382efe94d0fbda95f33978af29f4f3aee5ef0e270"
            ],
            "index": "pypi",
            "version": "==0.8.0"
        },
        "six": {
            "hashes": [
                "sha256:3350809f0555b11f552448330d0b52d5f24c91a322ea4a15ef22629740f3761c",
                "sha256:d16a0141ec1a18405cd4ce8b4613101da75da0e9a7aec5bdd4fa804d0e0eba73"
            ],
            "version": "==1.12.0"
        },
        "sly": {
            "hashes": [
                "sha256:be6a3825b042a9e1b6f5730fc747e6d983c917f0f002d798d0b9f86ca5c05ad9"
            ],
            "index": "pypi",
            "version": "==0.3"
        },
        "z3-solver": {
            "hashes": [
                "sha256:6dada60c4166a00891eb69e9c49872b004a464269d82b9ce2ac2300572e77f8c",
                "sha256:92b01ef0b852a5e8aa603cac65b95d02a2cc21fbbd0d4709d9612e8827d008be",
                "sha256:ed6ad3e82ff96022e069eb67b24bbcb9fe743f0bd796b3402fb8d865ebac1ab2",
                "sha256:f24b3bb9cdc6891db337860aca51bc5d0f9492035955563f2ce27e9bbf59b366",
                "sha256:f2768020251c98fb29be68c05b1c92694b601de6b4b83519492e56badb85ee62"
            ],
            "index": "pypi",
            "version": "==4.8.5.0"
        }
    },
    "develop": {
        "graphviz": {
            "hashes": [
                "sha256:6d0f69c107cfdc9bd1df3763fad99569bbcba29d0c52ffcbc6f266621d8bf709",
                "sha256:914b8b124942d82e3e1dcef499c9fe77c10acd3d18a1cfeeb2b9de05f6d24805"
            ],
            "index": "pypi",
            "version": "==0.11.1"
        }
    }
}
